
Microsoft Visual Studio Solution File, Format Version 12.00
# Visual Studio Version 16
VisualStudioVersion = 16.0.30804.86
MinimumVisualStudioVersion = 10.0.40219.1
Project("{FAE04EC0-301F-11D3-BF4B-00C04F79EFBC}") = "TRMDataManager", "TRMDataManager\TRMDataManager.csproj", "{41E043C0-BB4D-42EE-8572-E2ABE92AB669}"
EndProject
Project("{00D1A9C2-B5F0-4AF3-8072-F6C62B433612}") = "TRMData", "TRMData\TRMData.sqlproj", "{D98036D3-12F7-4F7D-A744-5D551FCD212F}"
EndProject
Project("{FAE04EC0-301F-11D3-BF4B-00C04F79EFBC}") = "TRMDesktopUI", "TRMDesktopUI\TRMDesktopUI.csproj", "{D5403177-06D1-4D3C-BB8C-9AC02818893E}"
EndProject
Project("{FAE04EC0-301F-11D3-BF4B-00C04F79EFBC}") = "TRMDataManager.Library", "TRMDataManager.Library\TRMDataManager.Library.csproj", "{1B451F30-7771-4C16-B5EE-BF76F42A9B7F}"
EndProject
Project("{FAE04EC0-301F-11D3-BF4B-00C04F79EFBC}") = "TRMDesktopUI.Library", "TRMDesktopUI.Library\TRMDesktopUI.Library.csproj", "{6171F61B-D2C4-4A41-8BE8-8ADD65C10600}"
EndProject
Project("{FAE04EC0-301F-11D3-BF4B-00C04F79EFBC}") = "TRMDataManager.Library.Test", "TRMDataManager.Library.Test\TRMDataManager.Library.Test.csproj", "{9DE48D78-CA47-491C-9229-353D41B8099C}"
EndProject
Global
	GlobalSection(SolutionConfigurationPlatforms) = preSolution
		Debug|Any CPU = Debug|Any CPU
		Release|Any CPU = Release|Any CPU
	EndGlobalSection
	GlobalSection(ProjectConfigurationPlatforms) = postSolution
		{41E043C0-BB4D-42EE-8572-E2ABE92AB669}.Debug|Any CPU.ActiveCfg = Debug|Any CPU
		{41E043C0-BB4D-42EE-8572-E2ABE92AB669}.Debug|Any CPU.Build.0 = Debug|Any CPU
		{41E043C0-BB4D-42EE-8572-E2ABE92AB669}.Release|Any CPU.ActiveCfg = Release|Any CPU
		{41E043C0-BB4D-42EE-8572-E2ABE92AB669}.Release|Any CPU.Build.0 = Release|Any CPU
		{D98036D3-12F7-4F7D-A744-5D551FCD212F}.Debug|Any CPU.ActiveCfg = Debug|Any CPU
		{D98036D3-12F7-4F7D-A744-5D551FCD212F}.Debug|Any CPU.Build.0 = Debug|Any CPU
		{D98036D3-12F7-4F7D-A744-5D551FCD212F}.Debug|Any CPU.Deploy.0 = Debug|Any CPU
		{D98036D3-12F7-4F7D-A744-5D551FCD212F}.Release|Any CPU.ActiveCfg = Release|Any CPU
		{D98036D3-12F7-4F7D-A744-5D551FCD212F}.Release|Any CPU.Build.0 = Release|Any CPU
		{D98036D3-12F7-4F7D-A744-5D551FCD212F}.Release|Any CPU.Deploy.0 = Release|Any CPU
		{D5403177-06D1-4D3C-BB8C-9AC02818893E}.Debug|Any CPU.ActiveCfg = Debug|Any CPU
		{D5403177-06D1-4D3C-BB8C-9AC02818893E}.Debug|Any CPU.Build.0 = Debug|Any CPU
		{D5403177-06D1-4D3C-BB8C-9AC02818893E}.Release|Any CPU.ActiveCfg = Release|Any CPU
		{D5403177-06D1-4D3C-BB8C-9AC02818893E}.Release|Any CPU.Build.0 = Release|Any CPU
		{1B451F30-7771-4C16-B5EE-BF76F42A9B7F}.Debug|Any CPU.ActiveCfg = Debug|Any CPU
		{1B451F30-7771-4C16-B5EE-BF76F42A9B7F}.Debug|Any CPU.Build.0 = Debug|Any CPU
		{1B451F30-7771-4C16-B5EE-BF76F42A9B7F}.Release|Any CPU.ActiveCfg = Release|Any CPU
		{1B451F30-7771-4C16-B5EE-BF76F42A9B7F}.Release|Any CPU.Build.0 = Release|Any CPU
		{6171F61B-D2C4-4A41-8BE8-8ADD65C10600}.Debug|Any CPU.ActiveCfg = Debug|Any CPU
		{6171F61B-D2C4-4A41-8BE8-8ADD65C10600}.Debug|Any CPU.Build.0 = Debug|Any CPU
		{6171F61B-D2C4-4A41-8BE8-8ADD65C10600}.Release|Any CPU.ActiveCfg = Release|Any CPU
		{6171F61B-D2C4-4A41-8BE8-8ADD65C10600}.Release|Any CPU.Build.0 = Release|Any CPU
		{9DE48D78-CA47-491C-9229-353D41B8099C}.Debug|Any CPU.ActiveCfg = Debug|Any CPU
		{9DE48D78-CA47-491C-9229-353D41B8099C}.Debug|Any CPU.Build.0 = Debug|Any CPU
		{9DE48D78-CA47-491C-9229-353D41B8099C}.Release|Any CPU.ActiveCfg = Release|Any CPU
		{9DE48D78-CA47-491C-9229-353D41B8099C}.Release|Any CPU.Build.0 = Release|Any CPU
	EndGlobalSection
	GlobalSection(SolutionProperties) = preSolution
		HideSolutionNode = FALSE
	EndGlobalSection
	GlobalSection(ExtensibilityGlobals) = postSolution
		SolutionGuid = {723F1E7B-1A2C-4EC0-9F17-9C4D685965C5}
	EndGlobalSection
EndGlobal
